{
  "name": "vibe-kanban",
  "version": "0.1.30-pthis.0",
  "lockfileVersion": 3,
  "requires": true,
  "packages": {
    "": {
      "name": "vibe-kanban",
      "version": "0.1.30-pthis.0",
      "dependencies": {
        "adm-zip": "^0.5.16",
        "cac": "^7.0.0"
      },
      "bin": {
        "vibe-kanban": "bin/cli.js"
      }
    },
    "node_modules/adm-zip": {
      "version": "0.5.16",
      "resolved": "https://registry.npmjs.org/adm-zip/-/adm-zip-0.5.16.tgz",
      "integrity": "sha512-TGw5yVi4saajsSEgz25grObGHEUaDrniwvA2qwSC060KfqGPdglhvPMA2lPIoxs3PQIItj2iag35fONcQqgUaQ==",
      "license": "MIT",
      "engines": {
        "node": ">=12.0"
      }
    },
    "node_modules/cac": {
      "version": "7.0.0",
      "resolved": "https://registry.npmjs.org/cac/-/cac-7.0.0.tgz",
      "integrity": "sha512-tixWYgm5ZoOD+3g6UTea91eow5z6AAHaho3g0V9CNSNb45gM8SmflpAc+GRd1InC4AqN/07Unrgp56Y94N9hJQ==",
      "license": "MIT",
      "engines": {
        "node": ">=20.19.0"
      }
    }
  }
}
